github.com/TomOnTime/utfutil v0.0.0-20180511104225-09c41003ee1d h1:WtAMR0fPCOfK7TPGZ8ZpLLY18HRvL7XJ3xcs0wnREgo=
github.com/TomOnTime/utfutil v0.0.0-20180511104225-09c41003ee1d/go.mod h1:WML6KOYjeU8N6YyusMjj2qRvaPNUEvrQvaxuFcMRFJY=
github.com/TomOnTime/utfutil v0.0.0-20200626160131-0b0178852c8f h1:MXp+2PP1RxWWoE3qmOecVblerzKCryXkFXq9er+EDr8=
github.com/TomOnTime/utfutil v0.0.0-20200626160131-0b0178852c8f/go.mod h1:FiuynIwe98RFhWI8nZ0dnsldPVsBy9rHH1hn2WYwme4=
go.mozilla.org/pkcs7 v0.0.0-20200128120323-432b2356ecb1 h1:A/5uWzF44DlIgdm/PQFwfMkW0JX+cIcQi/SwLAmZP5M=
go.mozilla.org/pkcs7 v0.0.0-20200128120323-432b2356ecb1/go.mod h1:SNgMg+EgDFwmvSmLRTNKC5fegJjB7v23qTQ0XLGUNHk=
golang.org/x/text v0.3.2 h1:tW2bmiBqwgJj/UpqtC8EpXEZVYOwU0yG4iWbprSVAcs=
golang.org/x/text v0.3.2/go.mod h1:bEr9sfX3Q8Zfm5fL9x+3itogRgK3+ptLWKqgva+5dAk=
golang.org/x/text v0.3.3 h1:cokOdA+Jmi5PJGXLlLllQSgYigAEfHXJAERHVMaCc2k=
golang.org/x/text v0.3.3/go.mod h1:5Zoc/QRtKVWzQhOtBMvqHzDpF6irO9z98xDceosuGiQ=
golang.org/x/text v0.3.4 h1:0YWbFKbhXG/wIiuHDSKpS0Iy7FSA+u45VtBMfQcFTTc=
golang.org/x/text v0.3.4/go.mod h1:5Zoc/QRtKVWzQhOtBMvqHzDpF6irO9z98xDceosuGiQ=
golang.org/x/tools v0.0.0-20180917221912-90fa682c2a6e/go.mod h1:n7NCudcB/nEzxVGmLbDWY5pfWTLqBcC2KZ6jyYvM4mQ=
